
Microsoft Visual Studio Solution File, Format Version 12.00
# Visual Studio Version 16
VisualStudioVersion = 16.0.810.25
MinimumVisualStudioVersion = 10.0.40219.1
Project("{FAE04EC0-301F-11D3-BF4B-00C04F79EFBC}") = "FFTk-TheTales-of-TheHistoryExam", "FFTk-TheTales-of-TheHistoryExam\FFTk-TheTales-of-TheHistoryExam.csproj", "{5F21F551-669F-4112-A57F-FD73AF6671A2}"
EndProject
Global
	GlobalSection(SolutionConfigurationPlatforms) = preSolution
		Debug|anycpu = Debug|anycpu
		Release|anycpu = Release|anycpu
	EndGlobalSection
	GlobalSection(ProjectConfigurationPlatforms) = postSolution
		{5F21F551-669F-4112-A57F-FD73AF6671A2}.Debug|anycpu.ActiveCfg = Debug|anycpu
		{5F21F551-669F-4112-A57F-FD73AF6671A2}.Debug|anycpu.Build.0 = Debug|anycpu
		{5F21F551-669F-4112-A57F-FD73AF6671A2}.Release|anycpu.ActiveCfg = Release|anycpu
		{5F21F551-669F-4112-A57F-FD73AF6671A2}.Release|anycpu.Build.0 = Release|anycpu
	EndGlobalSection
	GlobalSection(SolutionProperties) = preSolution
		HideSolutionNode = FALSE
	EndGlobalSection
	GlobalSection(ExtensibilityGlobals) = postSolution
		SolutionGuid = {3463C73A-6F5B-4FA3-A226-7D16ED1C230E}
	EndGlobalSection
EndGlobal
